// !$*UTF8*$!
{
	archiveVersion = 1;
	classes = {
	};
	objectVersion = 56;
	objects = {

/* Begin PBXBuildFile section */
		2C02B3952CC031D00020DF90 /* ImagePicker.swift in Sources */ = {isa = PBXBuildFile; fileRef = 2C02B3942CC031D00020DF90 /* ImagePicker.swift */; };
		2C02B3972CC0336B0020DF90 /* NewListingViewModel.swift in Sources */ = {isa = PBXBuildFile; fileRef = 2C02B3962CC0336B0020DF90 /* NewListingViewModel.swift */; };
		2C02B3992CC040AE0020DF90 /* PriceInputView.swift in Sources */ = {isa = PBXBuildFile; fileRef = 2C02B3982CC040AE0020DF90 /* PriceInputView.swift */; };
		2C02B39D2CC069530020DF90 /* NewListingImagesView.swift in Sources */ = {isa = PBXBuildFile; fileRef = 2C02B39C2CC069530020DF90 /* NewListingImagesView.swift */; };
		2C02B39F2CC06D760020DF90 /* NewRequestViewModel.swift in Sources */ = {isa = PBXBuildFile; fileRef = 2C02B39E2CC06D760020DF90 /* NewRequestViewModel.swift */; };
		2C02B3A32CC074150020DF90 /* ProductDetailsView.swift in Sources */ = {isa = PBXBuildFile; fileRef = 2C02B3A22CC074150020DF90 /* ProductDetailsView.swift */; };
		2C02B3A52CC097AB0020DF90 /* OptionsMenuView.swift in Sources */ = {isa = PBXBuildFile; fileRef = 2C02B3A42CC097AB0020DF90 /* OptionsMenuView.swift */; };
		2C16928D2CE41727009D2291 /* ErrorResponse.swift in Sources */ = {isa = PBXBuildFile; fileRef = 2C16928C2CE41727009D2291 /* ErrorResponse.swift */; };
		2C16928F2CE43409009D2291 /* Feedback.swift in Sources */ = {isa = PBXBuildFile; fileRef = 2C16928E2CE43409009D2291 /* Feedback.swift */; };
		2C1692912CE4361C009D2291 /* LoadingView.swift in Sources */ = {isa = PBXBuildFile; fileRef = 2C1692902CE4361C009D2291 /* LoadingView.swift */; };
		2C1692932CE43737009D2291 /* CustomProgressView.swift in Sources */ = {isa = PBXBuildFile; fileRef = 2C1692922CE43737009D2291 /* CustomProgressView.swift */; };
		2C18FFE42CA1322300564577 /* ProfileViewModel.swift in Sources */ = {isa = PBXBuildFile; fileRef = 2C18FFE32CA1322300564577 /* ProfileViewModel.swift */; };
		2C18FFE62CA139D500564577 /* SettingsView.swift in Sources */ = {isa = PBXBuildFile; fileRef = 2C18FFE52CA139D500564577 /* SettingsView.swift */; };
		2C18FFE82CA1DC9800564577 /* Icon.swift in Sources */ = {isa = PBXBuildFile; fileRef = 2C18FFE72CA1DC9800564577 /* Icon.swift */; };
		2C18FFEA2CA1E4C900564577 /* SettingsViewModel.swift in Sources */ = {isa = PBXBuildFile; fileRef = 2C18FFE92CA1E4C900564577 /* SettingsViewModel.swift */; };
		2C30246F2C90FFB40057D3D9 /* GoogleSignIn in Frameworks */ = {isa = PBXBuildFile; productRef = 2C30246E2C90FFB40057D3D9 /* GoogleSignIn */; };
		2C3024712C90FFB40057D3D9 /* GoogleSignInSwift in Frameworks */ = {isa = PBXBuildFile; productRef = 2C3024702C90FFB40057D3D9 /* GoogleSignInSwift */; };
		2C3024732C90FFE60057D3D9 /* Keys.swift in Sources */ = {isa = PBXBuildFile; fileRef = 2C3024722C90FFE60057D3D9 /* Keys.swift */; };
		2C3024852C9221940057D3D9 /* GoogleService-Info.plist in Resources */ = {isa = PBXBuildFile; fileRef = 2C3024842C9221940057D3D9 /* GoogleService-Info.plist */; };
		2C3859E12CCD9FDE00DA20EA /* FirebaseCore in Frameworks */ = {isa = PBXBuildFile; productRef = 2C3859E02CCD9FDE00DA20EA /* FirebaseCore */; };
		2C3859E32CCD9FEA00DA20EA /* FirebaseFirestore in Frameworks */ = {isa = PBXBuildFile; productRef = 2C3859E22CCD9FEA00DA20EA /* FirebaseFirestore */; };
		2C41BB832CD8718600EFF69E /* KeychainManager.swift in Sources */ = {isa = PBXBuildFile; fileRef = 2C41BB822CD8718600EFF69E /* KeychainManager.swift */; };
		2C41BB852CD8811400EFF69E /* Post.swift in Sources */ = {isa = PBXBuildFile; fileRef = 2C41BB842CD8811400EFF69E /* Post.swift */; };
		2C41BB882CD90DF800EFF69E /* CachedImageView.swift in Sources */ = {isa = PBXBuildFile; fileRef = 2C41BB872CD90DF800EFF69E /* CachedImageView.swift */; };
		2C41BB8A2CD90EA100EFF69E /* Kingfisher in Frameworks */ = {isa = PBXBuildFile; productRef = 2C41BB892CD90EA100EFF69E /* Kingfisher */; };
		2C41BB8C2CD9276E00EFF69E /* ShimmerView.swift in Sources */ = {isa = PBXBuildFile; fileRef = 2C41BB8B2CD9276E00EFF69E /* ShimmerView.swift */; };
		2C41BB8E2CD97E3E00EFF69E /* SearchView.swift in Sources */ = {isa = PBXBuildFile; fileRef = 2C41BB8D2CD97E3E00EFF69E /* SearchView.swift */; };
		2C4DD9792C98CC410055D0AB /* SetupProfileView.swift in Sources */ = {isa = PBXBuildFile; fileRef = 2C4DD9782C98CC410055D0AB /* SetupProfileView.swift */; };
		2C4DD97B2C98CC4D0055D0AB /* VenmoView.swift in Sources */ = {isa = PBXBuildFile; fileRef = 2C4DD97A2C98CC4D0055D0AB /* VenmoView.swift */; };
		2C4DD97D2C98D45B0055D0AB /* SetupProfileViewModel.swift in Sources */ = {isa = PBXBuildFile; fileRef = 2C4DD97C2C98D45B0055D0AB /* SetupProfileViewModel.swift */; };
		2C4DD9812C98DC2D0055D0AB /* LabeledTextField.swift in Sources */ = {isa = PBXBuildFile; fileRef = 2C4DD9802C98DC2D0055D0AB /* LabeledTextField.swift */; };
		2C4DD9832C98E3110055D0AB /* View + Extensions.swift in Sources */ = {isa = PBXBuildFile; fileRef = 2C4DD9822C98E3110055D0AB /* View + Extensions.swift */; };
		2C4DD9852C98EF5E0055D0AB /* WebView.swift in Sources */ = {isa = PBXBuildFile; fileRef = 2C4DD9842C98EF5E0055D0AB /* WebView.swift */; };
		2C525B7D2CB1DE55007D5B8E /* NotificationsSettingsView.swift in Sources */ = {isa = PBXBuildFile; fileRef = 2C525B7C2CB1DE55007D5B8E /* NotificationsSettingsView.swift */; };
		2C525B7F2CB1E884007D5B8E /* SendFeedbackView.swift in Sources */ = {isa = PBXBuildFile; fileRef = 2C525B7E2CB1E884007D5B8E /* SendFeedbackView.swift */; };
		2C525B812CB1F195007D5B8E /* SendFeedbackViewModel.swift in Sources */ = {isa = PBXBuildFile; fileRef = 2C525B802CB1F195007D5B8E /* SendFeedbackViewModel.swift */; };
		2C52E4F12C926C4B0042312C /* HomeView.swift in Sources */ = {isa = PBXBuildFile; fileRef = 2C52E4F02C926C4B0042312C /* HomeView.swift */; };
		2C52E4F32C926CFE0042312C /* MainView.swift in Sources */ = {isa = PBXBuildFile; fileRef = 2C52E4F22C926CFE0042312C /* MainView.swift */; };
		2C52E4F52C926FDA0042312C /* MainViewModel.swift in Sources */ = {isa = PBXBuildFile; fileRef = 2C52E4F42C926FDA0042312C /* MainViewModel.swift */; };
		2C6410942C9A70B400E4B390 /* String + Extensions.swift in Sources */ = {isa = PBXBuildFile; fileRef = 2C6410932C9A70B400E4B390 /* String + Extensions.swift */; };
		2C6410982C9DFD8B00E4B390 /* UIApplication + Extensions.swift in Sources */ = {isa = PBXBuildFile; fileRef = 2C6410972C9DFD8B00E4B390 /* UIApplication + Extensions.swift */; };
		2C9337462C92A66C00818C8E /* FilterButton.swift in Sources */ = {isa = PBXBuildFile; fileRef = 2C9337452C92A66C00818C8E /* FilterButton.swift */; };
		2C9337482C92AAEE00818C8E /* HomeViewModel.swift in Sources */ = {isa = PBXBuildFile; fileRef = 2C9337472C92AAEE00818C8E /* HomeViewModel.swift */; };
		2C93374A2C92AD2D00818C8E /* ProductsGalleryView.swift in Sources */ = {isa = PBXBuildFile; fileRef = 2C9337492C92AD2D00818C8E /* ProductsGalleryView.swift */; };
		2C93374C2C92B6A500818C8E /* UIImage + Extensions.swift in Sources */ = {isa = PBXBuildFile; fileRef = 2C93374B2C92B6A500818C8E /* UIImage + Extensions.swift */; };
		2C93374E2C92BE3000818C8E /* Item.swift in Sources */ = {isa = PBXBuildFile; fileRef = 2C93374D2C92BE3000818C8E /* Item.swift */; };
		2C9337502C92BF4400818C8E /* Array + Extensions.swift in Sources */ = {isa = PBXBuildFile; fileRef = 2C93374F2C92BF4400818C8E /* Array + Extensions.swift */; };
		2C9337522C935C8100818C8E /* SavedView.swift in Sources */ = {isa = PBXBuildFile; fileRef = 2C9337512C935C8100818C8E /* SavedView.swift */; };
		2C9337542C935C9500818C8E /* ChatsView.swift in Sources */ = {isa = PBXBuildFile; fileRef = 2C9337532C935C9500818C8E /* ChatsView.swift */; };
		2C9337562C935CB600818C8E /* ProfileView.swift in Sources */ = {isa = PBXBuildFile; fileRef = 2C9337552C935CB600818C8E /* ProfileView.swift */; };
		2C93375A2C93667600818C8E /* TabViewIcon.swift in Sources */ = {isa = PBXBuildFile; fileRef = 2C9337592C93667600818C8E /* TabViewIcon.swift */; };
		2C9B4CCB2C8FB7B70029DF61 /* ResellApp.swift in Sources */ = {isa = PBXBuildFile; fileRef = 2C9B4CCA2C8FB7B70029DF61 /* ResellApp.swift */; };
		2C9B4CCF2C8FB7B80029DF61 /* Assets.xcassets in Resources */ = {isa = PBXBuildFile; fileRef = 2C9B4CCE2C8FB7B80029DF61 /* Assets.xcassets */; };
		2C9B4CD22C8FB7B80029DF61 /* Preview Assets.xcassets in Resources */ = {isa = PBXBuildFile; fileRef = 2C9B4CD12C8FB7B80029DF61 /* Preview Assets.xcassets */; };
		2C9B4CDC2C8FB7B80029DF61 /* ResellTests.swift in Sources */ = {isa = PBXBuildFile; fileRef = 2C9B4CDB2C8FB7B80029DF61 /* ResellTests.swift */; };
		2C9B4CE62C8FB7B80029DF61 /* ResellUITests.swift in Sources */ = {isa = PBXBuildFile; fileRef = 2C9B4CE52C8FB7B80029DF61 /* ResellUITests.swift */; };
		2C9B4CE82C8FB7B80029DF61 /* ResellUITestsLaunchTests.swift in Sources */ = {isa = PBXBuildFile; fileRef = 2C9B4CE72C8FB7B80029DF61 /* ResellUITestsLaunchTests.swift */; };
		2C9B4CF82C8FB84F0029DF61 /* Constants.swift in Sources */ = {isa = PBXBuildFile; fileRef = 2C9B4CF72C8FB84F0029DF61 /* Constants.swift */; };
		2C9B4CFA2C8FBC180029DF61 /* Rubik-Medium.ttf in Resources */ = {isa = PBXBuildFile; fileRef = 2C9B4CF92C8FBC180029DF61 /* Rubik-Medium.ttf */; };
		2C9B4CFC2C8FBC200029DF61 /* Rubik-Regular.ttf in Resources */ = {isa = PBXBuildFile; fileRef = 2C9B4CFB2C8FBC200029DF61 /* Rubik-Regular.ttf */; };
		2C9B4CFE2C8FBC580029DF61 /* ReemKufi-Regular.ttf in Resources */ = {isa = PBXBuildFile; fileRef = 2C9B4CFD2C8FBC580029DF61 /* ReemKufi-Regular.ttf */; };
		2C9B4D042C8FC8250029DF61 /* LoginView.swift in Sources */ = {isa = PBXBuildFile; fileRef = 2C9B4CCC2C8FB7B70029DF61 /* LoginView.swift */; };
		2C9B4D072C8FCB070029DF61 /* PurpleButton.swift in Sources */ = {isa = PBXBuildFile; fileRef = 2C9B4D062C8FCB070029DF61 /* PurpleButton.swift */; };
		2C9B4D092C8FD8200029DF61 /* LoginViewModel.swift in Sources */ = {isa = PBXBuildFile; fileRef = 2C9B4D082C8FD8200029DF61 /* LoginViewModel.swift */; };
		2C9B4D0C2C90EF1D0029DF61 /* Launch Screen.storyboard in Resources */ = {isa = PBXBuildFile; fileRef = 2C9B4D0B2C90EF1D0029DF61 /* Launch Screen.storyboard */; };
		2C9B4D0E2C90F54D0029DF61 /* LoginGradient.swift in Sources */ = {isa = PBXBuildFile; fileRef = 2C9B4D0D2C90F54D0029DF61 /* LoginGradient.swift */; };
		2C9B4D102C90F69C0029DF61 /* UIScreen + Extensions.swift in Sources */ = {isa = PBXBuildFile; fileRef = 2C9B4D0F2C90F69C0029DF61 /* UIScreen + Extensions.swift */; };
		2CBC6B5B2CB72ED200C842A4 /* ExpandableAddButton.swift in Sources */ = {isa = PBXBuildFile; fileRef = 2CBC6B5A2CB72ED200C842A4 /* ExpandableAddButton.swift */; };
		2CBC6B5F2CB75ACD00C842A4 /* MainTabView.swift in Sources */ = {isa = PBXBuildFile; fileRef = 2CBC6B5E2CB75ACD00C842A4 /* MainTabView.swift */; };
		2CBC6B632CB772E300C842A4 /* NewRequestView.swift in Sources */ = {isa = PBXBuildFile; fileRef = 2CBC6B622CB772E300C842A4 /* NewRequestView.swift */; };
		2CBC6B652CB7A5A000C842A4 /* BlockedUsersView.swift in Sources */ = {isa = PBXBuildFile; fileRef = 2CBC6B642CB7A5A000C842A4 /* BlockedUsersView.swift */; };
		2CBC6B672CBDDB6400C842A4 /* PaginatedImageView.swift in Sources */ = {isa = PBXBuildFile; fileRef = 2CBC6B662CBDDB6400C842A4 /* PaginatedImageView.swift */; };
		2CBC6B692CBDDC8100C842A4 /* CustomPageControlIndicatorView.swift in Sources */ = {isa = PBXBuildFile; fileRef = 2CBC6B682CBDDC8100C842A4 /* CustomPageControlIndicatorView.swift */; };
		2CBC6B6C2CBDF7CF00C842A4 /* NewListingDetailsView.swift in Sources */ = {isa = PBXBuildFile; fileRef = 2CBC6B6B2CBDF7CF00C842A4 /* NewListingDetailsView.swift */; };
		2CD6CA8C2CB48286005A4F78 /* PopupModal.swift in Sources */ = {isa = PBXBuildFile; fileRef = 2CD6CA8B2CB48286005A4F78 /* PopupModal.swift */; };
		2CD7CAB92CE937B10056209E /* Listing.swift in Sources */ = {isa = PBXBuildFile; fileRef = 2CD7CAB82CE937B10056209E /* Listing.swift */; };
		2CD7CABC2CE94ECB0056209E /* ExternalProfileView.swift in Sources */ = {isa = PBXBuildFile; fileRef = 2CD7CABB2CE94ECB0056209E /* ExternalProfileView.swift */; };
		2CD7CABE2CEA95370056209E /* FeedbackBody.swift in Sources */ = {isa = PBXBuildFile; fileRef = 2CD7CABD2CEA95370056209E /* FeedbackBody.swift */; };
		2CDCEE5F2CD6BE99008DF5E8 /* NetworkManager.swift in Sources */ = {isa = PBXBuildFile; fileRef = 2CDCEE5E2CD6BE99008DF5E8 /* NetworkManager.swift */; };
		2CDCEE612CD6BEAD008DF5E8 /* APIClient.swift in Sources */ = {isa = PBXBuildFile; fileRef = 2CDCEE602CD6BEAD008DF5E8 /* APIClient.swift */; };
		2CDCEE642CD6D146008DF5E8 /* User.swift in Sources */ = {isa = PBXBuildFile; fileRef = 2CDCEE632CD6D146008DF5E8 /* User.swift */; };
		2CDCEE662CD8708B008DF5E8 /* UserSessionManager.swift in Sources */ = {isa = PBXBuildFile; fileRef = 2CDCEE652CD8708B008DF5E8 /* UserSessionManager.swift */; };
		2CDDF30C2CCD871A0061A564 /* ChatsViewModel.swift in Sources */ = {isa = PBXBuildFile; fileRef = 2CDDF30B2CCD871A0061A564 /* ChatsViewModel.swift */; };
		2CDDF30E2CCD915E0061A564 /* MessagesView.swift in Sources */ = {isa = PBXBuildFile; fileRef = 2CDDF30D2CCD915E0061A564 /* MessagesView.swift */; };
		2CDDF3102CCD99B70061A564 /* Message.swift in Sources */ = {isa = PBXBuildFile; fileRef = 2CDDF30F2CCD99B70061A564 /* Message.swift */; };
		2CE473932CC2148B00BD7E2C /* ProductDetailsViewModel.swift in Sources */ = {isa = PBXBuildFile; fileRef = 2CE473922CC2148B00BD7E2C /* ProductDetailsViewModel.swift */; };
		2CE473952CC2204500BD7E2C /* DraggableSheetView.swift in Sources */ = {isa = PBXBuildFile; fileRef = 2CE473942CC2204500BD7E2C /* DraggableSheetView.swift */; };
		2CE4739E2CC4575F00BD7E2C /* ReportOptionsView.swift in Sources */ = {isa = PBXBuildFile; fileRef = 2CE4739D2CC4575F00BD7E2C /* ReportOptionsView.swift */; };
		2CE473A02CC4576B00BD7E2C /* ReportDetailsView.swift in Sources */ = {isa = PBXBuildFile; fileRef = 2CE4739F2CC4576B00BD7E2C /* ReportDetailsView.swift */; };
		2CE473A22CC4577500BD7E2C /* ReportConfirmationView.swift in Sources */ = {isa = PBXBuildFile; fileRef = 2CE473A12CC4577500BD7E2C /* ReportConfirmationView.swift */; };
		2CE473A42CC4595C00BD7E2C /* ReportViewModel.swift in Sources */ = {isa = PBXBuildFile; fileRef = 2CE473A32CC4595C00BD7E2C /* ReportViewModel.swift */; };
		2CE473AC2CC5FF8A00BD7E2C /* Router.swift in Sources */ = {isa = PBXBuildFile; fileRef = 2CE473AB2CC5FF8A00BD7E2C /* Router.swift */; };
		2CF356152CDD8C020045A173 /* EmptyState.swift in Sources */ = {isa = PBXBuildFile; fileRef = 2CF356142CDD8C020045A173 /* EmptyState.swift */; };
		2CF356172CDDC2110045A173 /* Request.swift in Sources */ = {isa = PBXBuildFile; fileRef = 2CF356162CDDC2110045A173 /* Request.swift */; };
		2CF356192CDDD4A30045A173 /* HapticFeedbackGenerator.swift in Sources */ = {isa = PBXBuildFile; fileRef = 2CF356182CDDD4A30045A173 /* HapticFeedbackGenerator.swift */; };
		2CF3561B2CDDD65F0045A173 /* SwipeableRow.swift in Sources */ = {isa = PBXBuildFile; fileRef = 2CF3561A2CDDD65F0045A173 /* SwipeableRow.swift */; };
		2CF3561D2CDE91170045A173 /* EditProfileView.swift in Sources */ = {isa = PBXBuildFile; fileRef = 2CF3561C2CDE91170045A173 /* EditProfileView.swift */; };
		2CF3561F2CDE93E00045A173 /* EditProfileViewModel.swift in Sources */ = {isa = PBXBuildFile; fileRef = 2CF3561E2CDE93E00045A173 /* EditProfileViewModel.swift */; };
/* End PBXBuildFile section */

/* Begin PBXContainerItemProxy section */
		2C9B4CD82C8FB7B80029DF61 /* PBXContainerItemProxy */ = {
			isa = PBXContainerItemProxy;
			containerPortal = 2C9B4CBF2C8FB7B70029DF61 /* Project object */;
			proxyType = 1;
			remoteGlobalIDString = 2C9B4CC62C8FB7B70029DF61;
			remoteInfo = Resell;
		};
		2C9B4CE22C8FB7B80029DF61 /* PBXContainerItemProxy */ = {
			isa = PBXContainerItemProxy;
			containerPortal = 2C9B4CBF2C8FB7B70029DF61 /* Project object */;
			proxyType = 1;
			remoteGlobalIDString = 2C9B4CC62C8FB7B70029DF61;
			remoteInfo = Resell;
		};
/* End PBXContainerItemProxy section */

/* Begin PBXFileReference section */
		2C02B3942CC031D00020DF90 /* ImagePicker.swift */ = {isa = PBXFileReference; lastKnownFileType = sourcecode.swift; path = ImagePicker.swift; sourceTree = "<group>"; };
		2C02B3962CC0336B0020DF90 /* NewListingViewModel.swift */ = {isa = PBXFileReference; lastKnownFileType = sourcecode.swift; path = NewListingViewModel.swift; sourceTree = "<group>"; };
		2C02B3982CC040AE0020DF90 /* PriceInputView.swift */ = {isa = PBXFileReference; lastKnownFileType = sourcecode.swift; path = PriceInputView.swift; sourceTree = "<group>"; };
		2C02B39C2CC069530020DF90 /* NewListingImagesView.swift */ = {isa = PBXFileReference; lastKnownFileType = sourcecode.swift; path = NewListingImagesView.swift; sourceTree = "<group>"; };
		2C02B39E2CC06D760020DF90 /* NewRequestViewModel.swift */ = {isa = PBXFileReference; lastKnownFileType = sourcecode.swift; path = NewRequestViewModel.swift; sourceTree = "<group>"; };
		2C02B3A22CC074150020DF90 /* ProductDetailsView.swift */ = {isa = PBXFileReference; lastKnownFileType = sourcecode.swift; path = ProductDetailsView.swift; sourceTree = "<group>"; };
		2C02B3A42CC097AB0020DF90 /* OptionsMenuView.swift */ = {isa = PBXFileReference; lastKnownFileType = sourcecode.swift; path = OptionsMenuView.swift; sourceTree = "<group>"; };
		2C16928C2CE41727009D2291 /* ErrorResponse.swift */ = {isa = PBXFileReference; lastKnownFileType = sourcecode.swift; path = ErrorResponse.swift; sourceTree = "<group>"; };
		2C16928E2CE43409009D2291 /* Feedback.swift */ = {isa = PBXFileReference; lastKnownFileType = sourcecode.swift; path = Feedback.swift; sourceTree = "<group>"; };
		2C1692902CE4361C009D2291 /* LoadingView.swift */ = {isa = PBXFileReference; lastKnownFileType = sourcecode.swift; path = LoadingView.swift; sourceTree = "<group>"; };
		2C1692922CE43737009D2291 /* CustomProgressView.swift */ = {isa = PBXFileReference; lastKnownFileType = sourcecode.swift; path = CustomProgressView.swift; sourceTree = "<group>"; };
		2C18FFE32CA1322300564577 /* ProfileViewModel.swift */ = {isa = PBXFileReference; lastKnownFileType = sourcecode.swift; path = ProfileViewModel.swift; sourceTree = "<group>"; };
		2C18FFE52CA139D500564577 /* SettingsView.swift */ = {isa = PBXFileReference; lastKnownFileType = sourcecode.swift; path = SettingsView.swift; sourceTree = "<group>"; };
		2C18FFE72CA1DC9800564577 /* Icon.swift */ = {isa = PBXFileReference; lastKnownFileType = sourcecode.swift; path = Icon.swift; sourceTree = "<group>"; };
		2C18FFE92CA1E4C900564577 /* SettingsViewModel.swift */ = {isa = PBXFileReference; lastKnownFileType = sourcecode.swift; path = SettingsViewModel.swift; sourceTree = "<group>"; };
		2C3024722C90FFE60057D3D9 /* Keys.swift */ = {isa = PBXFileReference; lastKnownFileType = sourcecode.swift; path = Keys.swift; sourceTree = "<group>"; };
		2C3024842C9221940057D3D9 /* GoogleService-Info.plist */ = {isa = PBXFileReference; fileEncoding = 4; lastKnownFileType = text.plist.xml; path = "GoogleService-Info.plist"; sourceTree = "<group>"; };
		2C41BB822CD8718600EFF69E /* KeychainManager.swift */ = {isa = PBXFileReference; lastKnownFileType = sourcecode.swift; path = KeychainManager.swift; sourceTree = "<group>"; };
		2C41BB842CD8811400EFF69E /* Post.swift */ = {isa = PBXFileReference; lastKnownFileType = sourcecode.swift; path = Post.swift; sourceTree = "<group>"; };
		2C41BB872CD90DF800EFF69E /* CachedImageView.swift */ = {isa = PBXFileReference; lastKnownFileType = sourcecode.swift; path = CachedImageView.swift; sourceTree = "<group>"; };
		2C41BB8B2CD9276E00EFF69E /* ShimmerView.swift */ = {isa = PBXFileReference; lastKnownFileType = sourcecode.swift; path = ShimmerView.swift; sourceTree = "<group>"; };
		2C41BB8D2CD97E3E00EFF69E /* SearchView.swift */ = {isa = PBXFileReference; lastKnownFileType = sourcecode.swift; path = SearchView.swift; sourceTree = "<group>"; };
		2C4DD9782C98CC410055D0AB /* SetupProfileView.swift */ = {isa = PBXFileReference; lastKnownFileType = sourcecode.swift; path = SetupProfileView.swift; sourceTree = "<group>"; };
		2C4DD97A2C98CC4D0055D0AB /* VenmoView.swift */ = {isa = PBXFileReference; lastKnownFileType = sourcecode.swift; path = VenmoView.swift; sourceTree = "<group>"; };
		2C4DD97C2C98D45B0055D0AB /* SetupProfileViewModel.swift */ = {isa = PBXFileReference; lastKnownFileType = sourcecode.swift; path = SetupProfileViewModel.swift; sourceTree = "<group>"; };
		2C4DD9802C98DC2D0055D0AB /* LabeledTextField.swift */ = {isa = PBXFileReference; lastKnownFileType = sourcecode.swift; path = LabeledTextField.swift; sourceTree = "<group>"; };
		2C4DD9822C98E3110055D0AB /* View + Extensions.swift */ = {isa = PBXFileReference; lastKnownFileType = sourcecode.swift; path = "View + Extensions.swift"; sourceTree = "<group>"; };
		2C4DD9842C98EF5E0055D0AB /* WebView.swift */ = {isa = PBXFileReference; lastKnownFileType = sourcecode.swift; path = WebView.swift; sourceTree = "<group>"; };
		2C525B7C2CB1DE55007D5B8E /* NotificationsSettingsView.swift */ = {isa = PBXFileReference; lastKnownFileType = sourcecode.swift; path = NotificationsSettingsView.swift; sourceTree = "<group>"; };
		2C525B7E2CB1E884007D5B8E /* SendFeedbackView.swift */ = {isa = PBXFileReference; lastKnownFileType = sourcecode.swift; path = SendFeedbackView.swift; sourceTree = "<group>"; };
		2C525B802CB1F195007D5B8E /* SendFeedbackViewModel.swift */ = {isa = PBXFileReference; lastKnownFileType = sourcecode.swift; path = SendFeedbackViewModel.swift; sourceTree = "<group>"; };
		2C52E4F02C926C4B0042312C /* HomeView.swift */ = {isa = PBXFileReference; lastKnownFileType = sourcecode.swift; path = HomeView.swift; sourceTree = "<group>"; };
		2C52E4F22C926CFE0042312C /* MainView.swift */ = {isa = PBXFileReference; lastKnownFileType = sourcecode.swift; path = MainView.swift; sourceTree = "<group>"; };
		2C52E4F42C926FDA0042312C /* MainViewModel.swift */ = {isa = PBXFileReference; lastKnownFileType = sourcecode.swift; path = MainViewModel.swift; sourceTree = "<group>"; };
		2C6410932C9A70B400E4B390 /* String + Extensions.swift */ = {isa = PBXFileReference; lastKnownFileType = sourcecode.swift; path = "String + Extensions.swift"; sourceTree = "<group>"; };
		2C6410972C9DFD8B00E4B390 /* UIApplication + Extensions.swift */ = {isa = PBXFileReference; lastKnownFileType = sourcecode.swift; path = "UIApplication + Extensions.swift"; sourceTree = "<group>"; };
		2C9337452C92A66C00818C8E /* FilterButton.swift */ = {isa = PBXFileReference; lastKnownFileType = sourcecode.swift; path = FilterButton.swift; sourceTree = "<group>"; };
		2C9337472C92AAEE00818C8E /* HomeViewModel.swift */ = {isa = PBXFileReference; lastKnownFileType = sourcecode.swift; path = HomeViewModel.swift; sourceTree = "<group>"; };
		2C9337492C92AD2D00818C8E /* ProductsGalleryView.swift */ = {isa = PBXFileReference; lastKnownFileType = sourcecode.swift; path = ProductsGalleryView.swift; sourceTree = "<group>"; };
		2C93374B2C92B6A500818C8E /* UIImage + Extensions.swift */ = {isa = PBXFileReference; lastKnownFileType = sourcecode.swift; path = "UIImage + Extensions.swift"; sourceTree = "<group>"; };
		2C93374D2C92BE3000818C8E /* Item.swift */ = {isa = PBXFileReference; lastKnownFileType = sourcecode.swift; path = Item.swift; sourceTree = "<group>"; };
		2C93374F2C92BF4400818C8E /* Array + Extensions.swift */ = {isa = PBXFileReference; lastKnownFileType = sourcecode.swift; path = "Array + Extensions.swift"; sourceTree = "<group>"; };
		2C9337512C935C8100818C8E /* SavedView.swift */ = {isa = PBXFileReference; lastKnownFileType = sourcecode.swift; path = SavedView.swift; sourceTree = "<group>"; };
		2C9337532C935C9500818C8E /* ChatsView.swift */ = {isa = PBXFileReference; lastKnownFileType = sourcecode.swift; path = ChatsView.swift; sourceTree = "<group>"; };
		2C9337552C935CB600818C8E /* ProfileView.swift */ = {isa = PBXFileReference; lastKnownFileType = sourcecode.swift; path = ProfileView.swift; sourceTree = "<group>"; };
		2C9337592C93667600818C8E /* TabViewIcon.swift */ = {isa = PBXFileReference; lastKnownFileType = sourcecode.swift; path = TabViewIcon.swift; sourceTree = "<group>"; };
		2C9B4CC72C8FB7B70029DF61 /* Resell.app */ = {isa = PBXFileReference; explicitFileType = wrapper.application; includeInIndex = 0; path = Resell.app; sourceTree = BUILT_PRODUCTS_DIR; };
		2C9B4CCA2C8FB7B70029DF61 /* ResellApp.swift */ = {isa = PBXFileReference; lastKnownFileType = sourcecode.swift; path = ResellApp.swift; sourceTree = "<group>"; };
		2C9B4CCC2C8FB7B70029DF61 /* LoginView.swift */ = {isa = PBXFileReference; lastKnownFileType = sourcecode.swift; path = LoginView.swift; sourceTree = "<group>"; };
		2C9B4CCE2C8FB7B80029DF61 /* Assets.xcassets */ = {isa = PBXFileReference; lastKnownFileType = folder.assetcatalog; path = Assets.xcassets; sourceTree = "<group>"; };
		2C9B4CD12C8FB7B80029DF61 /* Preview Assets.xcassets */ = {isa = PBXFileReference; lastKnownFileType = folder.assetcatalog; path = "Preview Assets.xcassets"; sourceTree = "<group>"; };
		2C9B4CD72C8FB7B80029DF61 /* ResellTests.xctest */ = {isa = PBXFileReference; explicitFileType = wrapper.cfbundle; includeInIndex = 0; path = ResellTests.xctest; sourceTree = BUILT_PRODUCTS_DIR; };
		2C9B4CDB2C8FB7B80029DF61 /* ResellTests.swift */ = {isa = PBXFileReference; lastKnownFileType = sourcecode.swift; path = ResellTests.swift; sourceTree = "<group>"; };
		2C9B4CE12C8FB7B80029DF61 /* ResellUITests.xctest */ = {isa = PBXFileReference; explicitFileType = wrapper.cfbundle; includeInIndex = 0; path = ResellUITests.xctest; sourceTree = BUILT_PRODUCTS_DIR; };
		2C9B4CE52C8FB7B80029DF61 /* ResellUITests.swift */ = {isa = PBXFileReference; lastKnownFileType = sourcecode.swift; path = ResellUITests.swift; sourceTree = "<group>"; };
		2C9B4CE72C8FB7B80029DF61 /* ResellUITestsLaunchTests.swift */ = {isa = PBXFileReference; lastKnownFileType = sourcecode.swift; path = ResellUITestsLaunchTests.swift; sourceTree = "<group>"; };
		2C9B4CF72C8FB84F0029DF61 /* Constants.swift */ = {isa = PBXFileReference; lastKnownFileType = sourcecode.swift; path = Constants.swift; sourceTree = "<group>"; };
		2C9B4CF92C8FBC180029DF61 /* Rubik-Medium.ttf */ = {isa = PBXFileReference; lastKnownFileType = file; name = "Rubik-Medium.ttf"; path = "../../../../../Downloads/Rubik/static/Rubik-Medium.ttf"; sourceTree = "<group>"; };
		2C9B4CFB2C8FBC200029DF61 /* Rubik-Regular.ttf */ = {isa = PBXFileReference; lastKnownFileType = file; name = "Rubik-Regular.ttf"; path = "../../../../../Downloads/Rubik/static/Rubik-Regular.ttf"; sourceTree = "<group>"; };
		2C9B4CFD2C8FBC580029DF61 /* ReemKufi-Regular.ttf */ = {isa = PBXFileReference; lastKnownFileType = file; path = "ReemKufi-Regular.ttf"; sourceTree = "<group>"; };
		2C9B4CFF2C8FBC860029DF61 /* Info.plist */ = {isa = PBXFileReference; lastKnownFileType = text.plist.xml; path = Info.plist; sourceTree = "<group>"; };
		2C9B4D062C8FCB070029DF61 /* PurpleButton.swift */ = {isa = PBXFileReference; lastKnownFileType = sourcecode.swift; path = PurpleButton.swift; sourceTree = "<group>"; };
		2C9B4D082C8FD8200029DF61 /* LoginViewModel.swift */ = {isa = PBXFileReference; lastKnownFileType = sourcecode.swift; path = LoginViewModel.swift; sourceTree = "<group>"; };
		2C9B4D0B2C90EF1D0029DF61 /* Launch Screen.storyboard */ = {isa = PBXFileReference; lastKnownFileType = file.storyboard; path = "Launch Screen.storyboard"; sourceTree = "<group>"; };
		2C9B4D0D2C90F54D0029DF61 /* LoginGradient.swift */ = {isa = PBXFileReference; lastKnownFileType = sourcecode.swift; path = LoginGradient.swift; sourceTree = "<group>"; };
		2C9B4D0F2C90F69C0029DF61 /* UIScreen + Extensions.swift */ = {isa = PBXFileReference; lastKnownFileType = sourcecode.swift; path = "UIScreen + Extensions.swift"; sourceTree = "<group>"; };
		2CBC6B5A2CB72ED200C842A4 /* ExpandableAddButton.swift */ = {isa = PBXFileReference; lastKnownFileType = sourcecode.swift; path = ExpandableAddButton.swift; sourceTree = "<group>"; };
		2CBC6B5E2CB75ACD00C842A4 /* MainTabView.swift */ = {isa = PBXFileReference; lastKnownFileType = sourcecode.swift; path = MainTabView.swift; sourceTree = "<group>"; };
		2CBC6B622CB772E300C842A4 /* NewRequestView.swift */ = {isa = PBXFileReference; lastKnownFileType = sourcecode.swift; path = NewRequestView.swift; sourceTree = "<group>"; };
		2CBC6B642CB7A5A000C842A4 /* BlockedUsersView.swift */ = {isa = PBXFileReference; lastKnownFileType = sourcecode.swift; path = BlockedUsersView.swift; sourceTree = "<group>"; };
		2CBC6B662CBDDB6400C842A4 /* PaginatedImageView.swift */ = {isa = PBXFileReference; lastKnownFileType = sourcecode.swift; path = PaginatedImageView.swift; sourceTree = "<group>"; };
		2CBC6B682CBDDC8100C842A4 /* CustomPageControlIndicatorView.swift */ = {isa = PBXFileReference; lastKnownFileType = sourcecode.swift; path = CustomPageControlIndicatorView.swift; sourceTree = "<group>"; };
		2CBC6B6B2CBDF7CF00C842A4 /* NewListingDetailsView.swift */ = {isa = PBXFileReference; lastKnownFileType = sourcecode.swift; path = NewListingDetailsView.swift; sourceTree = "<group>"; };
		2CD6CA8B2CB48286005A4F78 /* PopupModal.swift */ = {isa = PBXFileReference; lastKnownFileType = sourcecode.swift; path = PopupModal.swift; sourceTree = "<group>"; };
		2CD7CAB82CE937B10056209E /* Listing.swift */ = {isa = PBXFileReference; lastKnownFileType = sourcecode.swift; path = Listing.swift; sourceTree = "<group>"; };
		2CD7CABB2CE94ECB0056209E /* ExternalProfileView.swift */ = {isa = PBXFileReference; lastKnownFileType = sourcecode.swift; path = ExternalProfileView.swift; sourceTree = "<group>"; };
		2CD7CABD2CEA95370056209E /* FeedbackBody.swift */ = {isa = PBXFileReference; lastKnownFileType = sourcecode.swift; path = FeedbackBody.swift; sourceTree = "<group>"; };
		2CDCEE5E2CD6BE99008DF5E8 /* NetworkManager.swift */ = {isa = PBXFileReference; lastKnownFileType = sourcecode.swift; path = NetworkManager.swift; sourceTree = "<group>"; };
		2CDCEE602CD6BEAD008DF5E8 /* APIClient.swift */ = {isa = PBXFileReference; lastKnownFileType = sourcecode.swift; path = APIClient.swift; sourceTree = "<group>"; };
		2CDCEE622CD6C4B0008DF5E8 /* Keys.xcconfig */ = {isa = PBXFileReference; lastKnownFileType = text.xcconfig; path = Keys.xcconfig; sourceTree = "<group>"; };
		2CDCEE632CD6D146008DF5E8 /* User.swift */ = {isa = PBXFileReference; lastKnownFileType = sourcecode.swift; path = User.swift; sourceTree = "<group>"; };
		2CDCEE652CD8708B008DF5E8 /* UserSessionManager.swift */ = {isa = PBXFileReference; lastKnownFileType = sourcecode.swift; path = UserSessionManager.swift; sourceTree = "<group>"; };
		2CDDF30B2CCD871A0061A564 /* ChatsViewModel.swift */ = {isa = PBXFileReference; lastKnownFileType = sourcecode.swift; path = ChatsViewModel.swift; sourceTree = "<group>"; };
		2CDDF30D2CCD915E0061A564 /* MessagesView.swift */ = {isa = PBXFileReference; lastKnownFileType = sourcecode.swift; path = MessagesView.swift; sourceTree = "<group>"; };
		2CDDF30F2CCD99B70061A564 /* Message.swift */ = {isa = PBXFileReference; lastKnownFileType = sourcecode.swift; path = Message.swift; sourceTree = "<group>"; };
		2CE473922CC2148B00BD7E2C /* ProductDetailsViewModel.swift */ = {isa = PBXFileReference; lastKnownFileType = sourcecode.swift; path = ProductDetailsViewModel.swift; sourceTree = "<group>"; };
		2CE473942CC2204500BD7E2C /* DraggableSheetView.swift */ = {isa = PBXFileReference; lastKnownFileType = sourcecode.swift; path = DraggableSheetView.swift; sourceTree = "<group>"; };
		2CE4739D2CC4575F00BD7E2C /* ReportOptionsView.swift */ = {isa = PBXFileReference; lastKnownFileType = sourcecode.swift; path = ReportOptionsView.swift; sourceTree = "<group>"; };
		2CE4739F2CC4576B00BD7E2C /* ReportDetailsView.swift */ = {isa = PBXFileReference; lastKnownFileType = sourcecode.swift; path = ReportDetailsView.swift; sourceTree = "<group>"; };
		2CE473A12CC4577500BD7E2C /* ReportConfirmationView.swift */ = {isa = PBXFileReference; lastKnownFileType = sourcecode.swift; path = ReportConfirmationView.swift; sourceTree = "<group>"; };
		2CE473A32CC4595C00BD7E2C /* ReportViewModel.swift */ = {isa = PBXFileReference; lastKnownFileType = sourcecode.swift; path = ReportViewModel.swift; sourceTree = "<group>"; };
		2CE473AB2CC5FF8A00BD7E2C /* Router.swift */ = {isa = PBXFileReference; lastKnownFileType = sourcecode.swift; path = Router.swift; sourceTree = "<group>"; };
		2CF356142CDD8C020045A173 /* EmptyState.swift */ = {isa = PBXFileReference; lastKnownFileType = sourcecode.swift; path = EmptyState.swift; sourceTree = "<group>"; };
		2CF356162CDDC2110045A173 /* Request.swift */ = {isa = PBXFileReference; lastKnownFileType = sourcecode.swift; path = Request.swift; sourceTree = "<group>"; };
		2CF356182CDDD4A30045A173 /* HapticFeedbackGenerator.swift */ = {isa = PBXFileReference; lastKnownFileType = sourcecode.swift; path = HapticFeedbackGenerator.swift; sourceTree = "<group>"; };
		2CF3561A2CDDD65F0045A173 /* SwipeableRow.swift */ = {isa = PBXFileReference; lastKnownFileType = sourcecode.swift; path = SwipeableRow.swift; sourceTree = "<group>"; };
		2CF3561C2CDE91170045A173 /* EditProfileView.swift */ = {isa = PBXFileReference; lastKnownFileType = sourcecode.swift; path = EditProfileView.swift; sourceTree = "<group>"; };
		2CF3561E2CDE93E00045A173 /* EditProfileViewModel.swift */ = {isa = PBXFileReference; lastKnownFileType = sourcecode.swift; path = EditProfileViewModel.swift; sourceTree = "<group>"; };
/* End PBXFileReference section */

/* Begin PBXFrameworksBuildPhase section */
		2C9B4CC42C8FB7B70029DF61 /* Frameworks */ = {
			isa = PBXFrameworksBuildPhase;
			buildActionMask = 2147483647;
			files = (
				2C30246F2C90FFB40057D3D9 /* GoogleSignIn in Frameworks */,
				2C3859E32CCD9FEA00DA20EA /* FirebaseFirestore in Frameworks */,
				2C3859E12CCD9FDE00DA20EA /* FirebaseCore in Frameworks */,
				2C3024712C90FFB40057D3D9 /* GoogleSignInSwift in Frameworks */,
				2C41BB8A2CD90EA100EFF69E /* Kingfisher in Frameworks */,
			);
			runOnlyForDeploymentPostprocessing = 0;
		};
		2C9B4CD42C8FB7B80029DF61 /* Frameworks */ = {
			isa = PBXFrameworksBuildPhase;
			buildActionMask = 2147483647;
			files = (
			);
			runOnlyForDeploymentPostprocessing = 0;
		};
		2C9B4CDE2C8FB7B80029DF61 /* Frameworks */ = {
			isa = PBXFrameworksBuildPhase;
			buildActionMask = 2147483647;
			files = (
			);
			runOnlyForDeploymentPostprocessing = 0;
		};
/* End PBXFrameworksBuildPhase section */

/* Begin PBXGroup section */
		2C02B3A02CC073340020DF90 /* Home */ = {
			isa = PBXGroup;
			children = (
				2C9337532C935C9500818C8E /* ChatsView.swift */,
				2C52E4F02C926C4B0042312C /* HomeView.swift */,
				2CDDF30D2CCD915E0061A564 /* MessagesView.swift */,
				2C9337552C935CB600818C8E /* ProfileView.swift */,
				2C9337512C935C8100818C8E /* SavedView.swift */,
				2C41BB8D2CD97E3E00EFF69E /* SearchView.swift */,
			);
			path = Home;
			sourceTree = "<group>";
		};
		2C02B3A12CC0734F0020DF90 /* Onboarding */ = {
			isa = PBXGroup;
			children = (
				2C9B4CCC2C8FB7B70029DF61 /* LoginView.swift */,
				2C4DD97A2C98CC4D0055D0AB /* VenmoView.swift */,
				2C4DD9782C98CC410055D0AB /* SetupProfileView.swift */,
			);
			path = Onboarding;
			sourceTree = "<group>";
		};
		2C18FFEB2CA1E51400564577 /* Settings */ = {
			isa = PBXGroup;
			children = (
				2CBC6B642CB7A5A000C842A4 /* BlockedUsersView.swift */,
				2CF3561C2CDE91170045A173 /* EditProfileView.swift */,
				2C525B7C2CB1DE55007D5B8E /* NotificationsSettingsView.swift */,
				2C525B7E2CB1E884007D5B8E /* SendFeedbackView.swift */,
				2C18FFE52CA139D500564577 /* SettingsView.swift */,
			);
			path = Settings;
			sourceTree = "<group>";
		};
		2C3024782C91190A0057D3D9 /* Supporting */ = {
			isa = PBXGroup;
			children = (
				2C3024842C9221940057D3D9 /* GoogleService-Info.plist */,
			);
			path = Supporting;
			sourceTree = "<group>";
		};
		2C3859DF2CCD9FD400DA20EA /* Frameworks */ = {
			isa = PBXGroup;
			children = (
			);
			name = Frameworks;
			sourceTree = "<group>";
		};
		2C9337442C929B0600818C8E /* Models */ = {
			isa = PBXGroup;
			children = (
				2C16928C2CE41727009D2291 /* ErrorResponse.swift */,
				2C16928E2CE43409009D2291 /* Feedback.swift */,
				2C93374D2C92BE3000818C8E /* Item.swift */,
				2CDDF30F2CCD99B70061A564 /* Message.swift */,
				2C41BB842CD8811400EFF69E /* Post.swift */,
				2CF356162CDDC2110045A173 /* Request.swift */,
				2CDCEE632CD6D146008DF5E8 /* User.swift */,
				2CD7CAB82CE937B10056209E /* Listing.swift */,
				2CD7CABD2CEA95370056209E /* FeedbackBody.swift */,
			);
			path = Models;
			sourceTree = "<group>";
		};
		2C9B4CBE2C8FB7B70029DF61 = {
			isa = PBXGroup;
			children = (
				2CDCEE622CD6C4B0008DF5E8 /* Keys.xcconfig */,
				2C9B4CC92C8FB7B70029DF61 /* Resell */,
				2C9B4CDA2C8FB7B80029DF61 /* ResellTests */,
				2C9B4CE42C8FB7B80029DF61 /* ResellUITests */,
				2C9B4CC82C8FB7B70029DF61 /* Products */,
				2C3859DF2CCD9FD400DA20EA /* Frameworks */,
			);
			sourceTree = "<group>";
		};
		2C9B4CC82C8FB7B70029DF61 /* Products */ = {
			isa = PBXGroup;
			children = (
				2C9B4CC72C8FB7B70029DF61 /* Resell.app */,
				2C9B4CD72C8FB7B80029DF61 /* ResellTests.xctest */,
				2C9B4CE12C8FB7B80029DF61 /* ResellUITests.xctest */,
			);
			name = Products;
			sourceTree = "<group>";
		};
		2C9B4CC92C8FB7B70029DF61 /* Resell */ = {
			isa = PBXGroup;
			children = (
				2CDCEE5D2CD6BE8D008DF5E8 /* API */,
				2C9337442C929B0600818C8E /* Models */,
				2C9B4CFF2C8FBC860029DF61 /* Info.plist */,
				2C3024782C91190A0057D3D9 /* Supporting */,
				2C9B4D0A2C90EF060029DF61 /* Core */,
				2C9B4D122C90FE170029DF61 /* ViewModels */,
				2C9B4D012C8FC7B00029DF61 /* Views */,
				2C9B4CF62C8FB8450029DF61 /* Utils */,
				2C9B4CF42C8FB81A0029DF61 /* Resources */,
				2C9B4CD02C8FB7B80029DF61 /* Preview Content */,
			);
			path = Resell;
			sourceTree = "<group>";
		};
		2C9B4CD02C8FB7B80029DF61 /* Preview Content */ = {
			isa = PBXGroup;
			children = (
				2C9B4CD12C8FB7B80029DF61 /* Preview Assets.xcassets */,
			);
			path = "Preview Content";
			sourceTree = "<group>";
		};
		2C9B4CDA2C8FB7B80029DF61 /* ResellTests */ = {
			isa = PBXGroup;
			children = (
				2C9B4CDB2C8FB7B80029DF61 /* ResellTests.swift */,
			);
			path = ResellTests;
			sourceTree = "<group>";
		};
		2C9B4CE42C8FB7B80029DF61 /* ResellUITests */ = {
			isa = PBXGroup;
			children = (
				2C9B4CE52C8FB7B80029DF61 /* ResellUITests.swift */,
				2C9B4CE72C8FB7B80029DF61 /* ResellUITestsLaunchTests.swift */,
			);
			path = ResellUITests;
			sourceTree = "<group>";
		};
		2C9B4CF42C8FB81A0029DF61 /* Resources */ = {
			isa = PBXGroup;
			children = (
				2C9B4CF52C8FB8370029DF61 /* Fonts */,
				2C9B4CCE2C8FB7B80029DF61 /* Assets.xcassets */,
			);
			path = Resources;
			sourceTree = "<group>";
		};
		2C9B4CF52C8FB8370029DF61 /* Fonts */ = {
			isa = PBXGroup;
			children = (
				2C9B4CFD2C8FBC580029DF61 /* ReemKufi-Regular.ttf */,
				2C9B4CFB2C8FBC200029DF61 /* Rubik-Regular.ttf */,
				2C9B4CF92C8FBC180029DF61 /* Rubik-Medium.ttf */,
			);
			path = Fonts;
			sourceTree = "<group>";
		};
		2C9B4CF62C8FB8450029DF61 /* Utils */ = {
			isa = PBXGroup;
			children = (
				2C9B4D002C8FC0570029DF61 /* Extensions */,
				2C9B4CF72C8FB84F0029DF61 /* Constants.swift */,
				2CF356182CDDD4A30045A173 /* HapticFeedbackGenerator.swift */,
				2C3024722C90FFE60057D3D9 /* Keys.swift */,
				2CE473AB2CC5FF8A00BD7E2C /* Router.swift */,
			);
			path = Utils;
			sourceTree = "<group>";
		};
		2C9B4D002C8FC0570029DF61 /* Extensions */ = {
			isa = PBXGroup;
			children = (
				2C93374F2C92BF4400818C8E /* Array + Extensions.swift */,
				2C6410932C9A70B400E4B390 /* String + Extensions.swift */,
				2C6410972C9DFD8B00E4B390 /* UIApplication + Extensions.swift */,
				2C9B4D0F2C90F69C0029DF61 /* UIScreen + Extensions.swift */,
				2C93374B2C92B6A500818C8E /* UIImage + Extensions.swift */,
				2C4DD9822C98E3110055D0AB /* View + Extensions.swift */,
			);
			path = Extensions;
			sourceTree = "<group>";
		};
		2C9B4D012C8FC7B00029DF61 /* Views */ = {
			isa = PBXGroup;
			children = (
				2CBC6B5E2CB75ACD00C842A4 /* MainTabView.swift */,
				2C52E4F22C926CFE0042312C /* MainView.swift */,
				2C02B3A02CC073340020DF90 /* Home */,
				2CBC6B6A2CBDF74700C842A4 /* NewListing */,
				2C02B3A12CC0734F0020DF90 /* Onboarding */,
				2CD7CABA2CE94EAE0056209E /* ProductDetails */,
				2CE4739A2CC456EB00BD7E2C /* Report */,
				2C18FFEB2CA1E51400564577 /* Settings */,
				2C9B4D052C8FCAF20029DF61 /* Components */,
				2CF356132CDD8BD60045A173 /* ViewModifiers */,
			);
			path = Views;
			sourceTree = "<group>";
		};
		2C9B4D052C8FCAF20029DF61 /* Components */ = {
			isa = PBXGroup;
			children = (
				2C41BB872CD90DF800EFF69E /* CachedImageView.swift */,
				2CBC6B682CBDDC8100C842A4 /* CustomPageControlIndicatorView.swift */,
				2C1692922CE43737009D2291 /* CustomProgressView.swift */,
				2CE473942CC2204500BD7E2C /* DraggableSheetView.swift */,
				2CBC6B5A2CB72ED200C842A4 /* ExpandableAddButton.swift */,
				2C9337452C92A66C00818C8E /* FilterButton.swift */,
				2C18FFE72CA1DC9800564577 /* Icon.swift */,
				2C02B3942CC031D00020DF90 /* ImagePicker.swift */,
				2C4DD9802C98DC2D0055D0AB /* LabeledTextField.swift */,
				2C9B4D0D2C90F54D0029DF61 /* LoginGradient.swift */,
				2C02B3A42CC097AB0020DF90 /* OptionsMenuView.swift */,
				2CBC6B662CBDDB6400C842A4 /* PaginatedImageView.swift */,
				2C9B4D062C8FCB070029DF61 /* PurpleButton.swift */,
				2C02B3982CC040AE0020DF90 /* PriceInputView.swift */,
				2C9337492C92AD2D00818C8E /* ProductsGalleryView.swift */,
				2C41BB8B2CD9276E00EFF69E /* ShimmerView.swift */,
				2CF3561A2CDDD65F0045A173 /* SwipeableRow.swift */,
				2C9337592C93667600818C8E /* TabViewIcon.swift */,
				2C4DD9842C98EF5E0055D0AB /* WebView.swift */,
			);
			path = Components;
			sourceTree = "<group>";
		};
		2C9B4D0A2C90EF060029DF61 /* Core */ = {
			isa = PBXGroup;
			children = (
				2C9B4CCA2C8FB7B70029DF61 /* ResellApp.swift */,
				2C9B4D0B2C90EF1D0029DF61 /* Launch Screen.storyboard */,
			);
			path = Core;
			sourceTree = "<group>";
		};
		2C9B4D122C90FE170029DF61 /* ViewModels */ = {
			isa = PBXGroup;
			children = (
				2CDDF30B2CCD871A0061A564 /* ChatsViewModel.swift */,
				2CF3561E2CDE93E00045A173 /* EditProfileViewModel.swift */,
				2C9337472C92AAEE00818C8E /* HomeViewModel.swift */,
				2C9B4D082C8FD8200029DF61 /* LoginViewModel.swift */,
				2C52E4F42C926FDA0042312C /* MainViewModel.swift */,
				2C02B3962CC0336B0020DF90 /* NewListingViewModel.swift */,
				2C02B39E2CC06D760020DF90 /* NewRequestViewModel.swift */,
				2CE473922CC2148B00BD7E2C /* ProductDetailsViewModel.swift */,
				2C18FFE32CA1322300564577 /* ProfileViewModel.swift */,
				2CE473A32CC4595C00BD7E2C /* ReportViewModel.swift */,
				2C525B802CB1F195007D5B8E /* SendFeedbackViewModel.swift */,
				2C18FFE92CA1E4C900564577 /* SettingsViewModel.swift */,
				2C4DD97C2C98D45B0055D0AB /* SetupProfileViewModel.swift */,
			);
			path = ViewModels;
			sourceTree = "<group>";
		};
		2CBC6B6A2CBDF74700C842A4 /* NewListing */ = {
			isa = PBXGroup;
			children = (
				2CBC6B6B2CBDF7CF00C842A4 /* NewListingDetailsView.swift */,
				2C02B39C2CC069530020DF90 /* NewListingImagesView.swift */,
				2CBC6B622CB772E300C842A4 /* NewRequestView.swift */,
			);
			path = NewListing;
			sourceTree = "<group>";
		};
		2CD7CABA2CE94EAE0056209E /* ProductDetails */ = {
			isa = PBXGroup;
			children = (
				2C02B3A22CC074150020DF90 /* ProductDetailsView.swift */,
				2CD7CABB2CE94ECB0056209E /* ExternalProfileView.swift */,
			);
			path = ProductDetails;
			sourceTree = "<group>";
		};
		2CDCEE5D2CD6BE8D008DF5E8 /* API */ = {
			isa = PBXGroup;
			children = (
				2CDCEE602CD6BEAD008DF5E8 /* APIClient.swift */,
				2C41BB822CD8718600EFF69E /* KeychainManager.swift */,
				2CDCEE5E2CD6BE99008DF5E8 /* NetworkManager.swift */,
				2CDCEE652CD8708B008DF5E8 /* UserSessionManager.swift */,
			);
			path = API;
			sourceTree = "<group>";
		};
		2CE4739A2CC456EB00BD7E2C /* Report */ = {
			isa = PBXGroup;
			children = (
				2CE473A12CC4577500BD7E2C /* ReportConfirmationView.swift */,
				2CE4739F2CC4576B00BD7E2C /* ReportDetailsView.swift */,
				2CE4739D2CC4575F00BD7E2C /* ReportOptionsView.swift */,
			);
			path = Report;
			sourceTree = "<group>";
		};
		2CF356132CDD8BD60045A173 /* ViewModifiers */ = {
			isa = PBXGroup;
			children = (
				2CF356142CDD8C020045A173 /* EmptyState.swift */,
				2C1692902CE4361C009D2291 /* LoadingView.swift */,
				2CD6CA8B2CB48286005A4F78 /* PopupModal.swift */,
			);
			path = ViewModifiers;
			sourceTree = "<group>";
		};
/* End PBXGroup section */

/* Begin PBXNativeTarget section */
		2C9B4CC62C8FB7B70029DF61 /* Resell */ = {
			isa = PBXNativeTarget;
			buildConfigurationList = 2C9B4CEB2C8FB7B80029DF61 /* Build configuration list for PBXNativeTarget "Resell" */;
			buildPhases = (
				2C9B4CC32C8FB7B70029DF61 /* Sources */,
				2C9B4CC42C8FB7B70029DF61 /* Frameworks */,
				2C9B4CC52C8FB7B70029DF61 /* Resources */,
			);
			buildRules = (
			);
			dependencies = (
			);
			name = Resell;
			packageProductDependencies = (
				2C30246E2C90FFB40057D3D9 /* GoogleSignIn */,
				2C3024702C90FFB40057D3D9 /* GoogleSignInSwift */,
				2C3859E02CCD9FDE00DA20EA /* FirebaseCore */,
				2C3859E22CCD9FEA00DA20EA /* FirebaseFirestore */,
				2C41BB892CD90EA100EFF69E /* Kingfisher */,
			);
			productName = Resell;
			productReference = 2C9B4CC72C8FB7B70029DF61 /* Resell.app */;
			productType = "com.apple.product-type.application";
		};
		2C9B4CD62C8FB7B80029DF61 /* ResellTests */ = {
			isa = PBXNativeTarget;
			buildConfigurationList = 2C9B4CEE2C8FB7B80029DF61 /* Build configuration list for PBXNativeTarget "ResellTests" */;
			buildPhases = (
				2C9B4CD32C8FB7B80029DF61 /* Sources */,
				2C9B4CD42C8FB7B80029DF61 /* Frameworks */,
				2C9B4CD52C8FB7B80029DF61 /* Resources */,
			);
			buildRules = (
			);
			dependencies = (
				2C9B4CD92C8FB7B80029DF61 /* PBXTargetDependency */,
			);
			name = ResellTests;
			productName = ResellTests;
			productReference = 2C9B4CD72C8FB7B80029DF61 /* ResellTests.xctest */;
			productType = "com.apple.product-type.bundle.unit-test";
		};
		2C9B4CE02C8FB7B80029DF61 /* ResellUITests */ = {
			isa = PBXNativeTarget;
			buildConfigurationList = 2C9B4CF12C8FB7B80029DF61 /* Build configuration list for PBXNativeTarget "ResellUITests" */;
			buildPhases = (
				2C9B4CDD2C8FB7B80029DF61 /* Sources */,
				2C9B4CDE2C8FB7B80029DF61 /* Frameworks */,
				2C9B4CDF2C8FB7B80029DF61 /* Resources */,
			);
			buildRules = (
			);
			dependencies = (
				2C9B4CE32C8FB7B80029DF61 /* PBXTargetDependency */,
			);
			name = ResellUITests;
			productName = ResellUITests;
			productReference = 2C9B4CE12C8FB7B80029DF61 /* ResellUITests.xctest */;
			productType = "com.apple.product-type.bundle.ui-testing";
		};
/* End PBXNativeTarget section */

/* Begin PBXProject section */
		2C9B4CBF2C8FB7B70029DF61 /* Project object */ = {
			isa = PBXProject;
			attributes = {
				BuildIndependentTargetsInParallel = 1;
				LastSwiftUpdateCheck = 1540;
				LastUpgradeCheck = 1540;
				TargetAttributes = {
					2C9B4CC62C8FB7B70029DF61 = {
						CreatedOnToolsVersion = 15.4;
					};
					2C9B4CD62C8FB7B80029DF61 = {
						CreatedOnToolsVersion = 15.4;
						TestTargetID = 2C9B4CC62C8FB7B70029DF61;
					};
					2C9B4CE02C8FB7B80029DF61 = {
						CreatedOnToolsVersion = 15.4;
						TestTargetID = 2C9B4CC62C8FB7B70029DF61;
					};
				};
			};
			buildConfigurationList = 2C9B4CC22C8FB7B70029DF61 /* Build configuration list for PBXProject "Resell" */;
			compatibilityVersion = "Xcode 14.0";
			developmentRegion = en;
			hasScannedForEncodings = 0;
			knownRegions = (
				en,
				Base,
			);
			mainGroup = 2C9B4CBE2C8FB7B70029DF61;
			packageReferences = (
				2C9B4D112C90FD440029DF61 /* XCRemoteSwiftPackageReference "GoogleSignIn-iOS" */,
				2CDDF3112CCD9B530061A564 /* XCRemoteSwiftPackageReference "firebase-ios-sdk" */,
				2C41BB862CD90D7300EFF69E /* XCRemoteSwiftPackageReference "Kingfisher" */,
			);
			productRefGroup = 2C9B4CC82C8FB7B70029DF61 /* Products */;
			projectDirPath = "";
			projectRoot = "";
			targets = (
				2C9B4CC62C8FB7B70029DF61 /* Resell */,
				2C9B4CD62C8FB7B80029DF61 /* ResellTests */,
				2C9B4CE02C8FB7B80029DF61 /* ResellUITests */,
			);
		};
/* End PBXProject section */

/* Begin PBXResourcesBuildPhase section */
		2C9B4CC52C8FB7B70029DF61 /* Resources */ = {
			isa = PBXResourcesBuildPhase;
			buildActionMask = 2147483647;
			files = (
				2C3024852C9221940057D3D9 /* GoogleService-Info.plist in Resources */,
				2C9B4D0C2C90EF1D0029DF61 /* Launch Screen.storyboard in Resources */,
				2C9B4CFA2C8FBC180029DF61 /* Rubik-Medium.ttf in Resources */,
				2C9B4CFC2C8FBC200029DF61 /* Rubik-Regular.ttf in Resources */,
				2C9B4CD22C8FB7B80029DF61 /* Preview Assets.xcassets in Resources */,
				2C9B4CCF2C8FB7B80029DF61 /* Assets.xcassets in Resources */,
				2C9B4CFE2C8FBC580029DF61 /* ReemKufi-Regular.ttf in Resources */,
			);
			runOnlyForDeploymentPostprocessing = 0;
		};
		2C9B4CD52C8FB7B80029DF61 /* Resources */ = {
			isa = PBXResourcesBuildPhase;
			buildActionMask = 2147483647;
			files = (
			);
			runOnlyForDeploymentPostprocessing = 0;
		};
		2C9B4CDF2C8FB7B80029DF61 /* Resources */ = {
			isa = PBXResourcesBuildPhase;
			buildActionMask = 2147483647;
			files = (
			);
			runOnlyForDeploymentPostprocessing = 0;
		};
/* End PBXResourcesBuildPhase section */

/* Begin PBXSourcesBuildPhase section */
		2C9B4CC32C8FB7B70029DF61 /* Sources */ = {
			isa = PBXSourcesBuildPhase;
			buildActionMask = 2147483647;
			files = (
				2C02B39D2CC069530020DF90 /* NewListingImagesView.swift in Sources */,
				2CDDF3102CCD99B70061A564 /* Message.swift in Sources */,
				2C52E4F12C926C4B0042312C /* HomeView.swift in Sources */,
				2C02B3972CC0336B0020DF90 /* NewListingViewModel.swift in Sources */,
				2CDCEE642CD6D146008DF5E8 /* User.swift in Sources */,
				2C9B4D0E2C90F54D0029DF61 /* LoginGradient.swift in Sources */,
				2C3024732C90FFE60057D3D9 /* Keys.swift in Sources */,
				2C52E4F32C926CFE0042312C /* MainView.swift in Sources */,
				2C4DD97B2C98CC4D0055D0AB /* VenmoView.swift in Sources */,
				2CDCEE612CD6BEAD008DF5E8 /* APIClient.swift in Sources */,
				2C41BB8E2CD97E3E00EFF69E /* SearchView.swift in Sources */,
				2C9337502C92BF4400818C8E /* Array + Extensions.swift in Sources */,
				2C525B7D2CB1DE55007D5B8E /* NotificationsSettingsView.swift in Sources */,
				2C6410942C9A70B400E4B390 /* String + Extensions.swift in Sources */,
				2CDCEE662CD8708B008DF5E8 /* UserSessionManager.swift in Sources */,
				2CF3561D2CDE91170045A173 /* EditProfileView.swift in Sources */,
				2CE473932CC2148B00BD7E2C /* ProductDetailsViewModel.swift in Sources */,
				2C93374E2C92BE3000818C8E /* Item.swift in Sources */,
				2C9337542C935C9500818C8E /* ChatsView.swift in Sources */,
				2CD7CAB92CE937B10056209E /* Listing.swift in Sources */,
				2CD6CA8C2CB48286005A4F78 /* PopupModal.swift in Sources */,
				2CF3561F2CDE93E00045A173 /* EditProfileViewModel.swift in Sources */,
				2C02B3992CC040AE0020DF90 /* PriceInputView.swift in Sources */,
				2C9337462C92A66C00818C8E /* FilterButton.swift in Sources */,
				2C02B3952CC031D00020DF90 /* ImagePicker.swift in Sources */,
				2CDCEE5F2CD6BE99008DF5E8 /* NetworkManager.swift in Sources */,
				2C9B4D042C8FC8250029DF61 /* LoginView.swift in Sources */,
				2C93374C2C92B6A500818C8E /* UIImage + Extensions.swift in Sources */,
				2CF356172CDDC2110045A173 /* Request.swift in Sources */,
				2C18FFE42CA1322300564577 /* ProfileViewModel.swift in Sources */,
				2CDDF30E2CCD915E0061A564 /* MessagesView.swift in Sources */,
				2C9B4CCB2C8FB7B70029DF61 /* ResellApp.swift in Sources */,
				2C4DD97D2C98D45B0055D0AB /* SetupProfileViewModel.swift in Sources */,
				2CE473A42CC4595C00BD7E2C /* ReportViewModel.swift in Sources */,
				2CF3561B2CDDD65F0045A173 /* SwipeableRow.swift in Sources */,
				2CE473AC2CC5FF8A00BD7E2C /* Router.swift in Sources */,
				2C9B4D072C8FCB070029DF61 /* PurpleButton.swift in Sources */,
				2CBC6B652CB7A5A000C842A4 /* BlockedUsersView.swift in Sources */,
				2CE473952CC2204500BD7E2C /* DraggableSheetView.swift in Sources */,
				2C41BB852CD8811400EFF69E /* Post.swift in Sources */,
				2C525B812CB1F195007D5B8E /* SendFeedbackViewModel.swift in Sources */,
				2C9337562C935CB600818C8E /* ProfileView.swift in Sources */,
				2C16928D2CE41727009D2291 /* ErrorResponse.swift in Sources */,
				2CE4739E2CC4575F00BD7E2C /* ReportOptionsView.swift in Sources */,
				2C9337482C92AAEE00818C8E /* HomeViewModel.swift in Sources */,
				2C4DD9832C98E3110055D0AB /* View + Extensions.swift in Sources */,
				2C6410982C9DFD8B00E4B390 /* UIApplication + Extensions.swift in Sources */,
				2C9B4D102C90F69C0029DF61 /* UIScreen + Extensions.swift in Sources */,
				2CF356192CDDD4A30045A173 /* HapticFeedbackGenerator.swift in Sources */,
				2C18FFE82CA1DC9800564577 /* Icon.swift in Sources */,
				2C16928F2CE43409009D2291 /* Feedback.swift in Sources */,
				2CBC6B632CB772E300C842A4 /* NewRequestView.swift in Sources */,
				2C02B3A52CC097AB0020DF90 /* OptionsMenuView.swift in Sources */,
				2CE473A02CC4576B00BD7E2C /* ReportDetailsView.swift in Sources */,
				2CBC6B5B2CB72ED200C842A4 /* ExpandableAddButton.swift in Sources */,
				2C41BB882CD90DF800EFF69E /* CachedImageView.swift in Sources */,
				2CDDF30C2CCD871A0061A564 /* ChatsViewModel.swift in Sources */,
				2CBC6B5F2CB75ACD00C842A4 /* MainTabView.swift in Sources */,
				2CD7CABE2CEA95370056209E /* FeedbackBody.swift in Sources */,
				2C9B4D092C8FD8200029DF61 /* LoginViewModel.swift in Sources */,
				2C9337522C935C8100818C8E /* SavedView.swift in Sources */,
				2CBC6B672CBDDB6400C842A4 /* PaginatedImageView.swift in Sources */,
				2CE473A22CC4577500BD7E2C /* ReportConfirmationView.swift in Sources */,
				2C18FFEA2CA1E4C900564577 /* SettingsViewModel.swift in Sources */,
				2C41BB8C2CD9276E00EFF69E /* ShimmerView.swift in Sources */,
				2C1692912CE4361C009D2291 /* LoadingView.swift in Sources */,
				2C525B7F2CB1E884007D5B8E /* SendFeedbackView.swift in Sources */,
				2CBC6B692CBDDC8100C842A4 /* CustomPageControlIndicatorView.swift in Sources */,
				2C4DD9812C98DC2D0055D0AB /* LabeledTextField.swift in Sources */,
				2C18FFE62CA139D500564577 /* SettingsView.swift in Sources */,
				2C9B4CF82C8FB84F0029DF61 /* Constants.swift in Sources */,
				2C93375A2C93667600818C8E /* TabViewIcon.swift in Sources */,
				2C02B3A32CC074150020DF90 /* ProductDetailsView.swift in Sources */,
				2CF356152CDD8C020045A173 /* EmptyState.swift in Sources */,
				2C93374A2C92AD2D00818C8E /* ProductsGalleryView.swift in Sources */,
				2C02B39F2CC06D760020DF90 /* NewRequestViewModel.swift in Sources */,
				2C1692932CE43737009D2291 /* CustomProgressView.swift in Sources */,
				2C41BB832CD8718600EFF69E /* KeychainManager.swift in Sources */,
				2CD7CABC2CE94ECB0056209E /* ExternalProfileView.swift in Sources */,
				2C4DD9852C98EF5E0055D0AB /* WebView.swift in Sources */,
				2C4DD9792C98CC410055D0AB /* SetupProfileView.swift in Sources */,
				2CBC6B6C2CBDF7CF00C842A4 /* NewListingDetailsView.swift in Sources */,
				2C52E4F52C926FDA0042312C /* MainViewModel.swift in Sources */,
			);
			runOnlyForDeploymentPostprocessing = 0;
		};
		2C9B4CD32C8FB7B80029DF61 /* Sources */ = {
			isa = PBXSourcesBuildPhase;
			buildActionMask = 2147483647;
			files = (
				2C9B4CDC2C8FB7B80029DF61 /* ResellTests.swift in Sources */,
			);
			runOnlyForDeploymentPostprocessing = 0;
		};
		2C9B4CDD2C8FB7B80029DF61 /* Sources */ = {
			isa = PBXSourcesBuildPhase;
			buildActionMask = 2147483647;
			files = (
				2C9B4CE62C8FB7B80029DF61 /* ResellUITests.swift in Sources */,
				2C9B4CE82C8FB7B80029DF61 /* ResellUITestsLaunchTests.swift in Sources */,
			);
			runOnlyForDeploymentPostprocessing = 0;
		};
/* End PBXSourcesBuildPhase section */

/* Begin PBXTargetDependency section */
		2C9B4CD92C8FB7B80029DF61 /* PBXTargetDependency */ = {
			isa = PBXTargetDependency;
			target = 2C9B4CC62C8FB7B70029DF61 /* Resell */;
			targetProxy = 2C9B4CD82C8FB7B80029DF61 /* PBXContainerItemProxy */;
		};
		2C9B4CE32C8FB7B80029DF61 /* PBXTargetDependency */ = {
			isa = PBXTargetDependency;
			target = 2C9B4CC62C8FB7B70029DF61 /* Resell */;
			targetProxy = 2C9B4CE22C8FB7B80029DF61 /* PBXContainerItemProxy */;
		};
/* End PBXTargetDependency section */

/* Begin XCBuildConfiguration section */
		2C9B4CE92C8FB7B80029DF61 /* Debug */ = {
			isa = XCBuildConfiguration;
			baseConfigurationReference = 2CDCEE622CD6C4B0008DF5E8 /* Keys.xcconfig */;
			buildSettings = {
				ALWAYS_SEARCH_USER_PATHS = NO;
				ASSETCATALOG_COMPILER_GENERATE_SWIFT_ASSET_SYMBOL_EXTENSIONS = YES;
				CLANG_ANALYZER_NONNULL = YES;
				CLANG_ANALYZER_NUMBER_OBJECT_CONVERSION = YES_AGGRESSIVE;
				CLANG_CXX_LANGUAGE_STANDARD = "gnu++20";
				CLANG_ENABLE_MODULES = YES;
				CLANG_ENABLE_OBJC_ARC = YES;
				CLANG_ENABLE_OBJC_WEAK = YES;
				CLANG_WARN_BLOCK_CAPTURE_AUTORELEASING = YES;
				CLANG_WARN_BOOL_CONVERSION = YES;
				CLANG_WARN_COMMA = YES;
				CLANG_WARN_CONSTANT_CONVERSION = YES;
				CLANG_WARN_DEPRECATED_OBJC_IMPLEMENTATIONS = YES;
				CLANG_WARN_DIRECT_OBJC_ISA_USAGE = YES_ERROR;
				CLANG_WARN_DOCUMENTATION_COMMENTS = YES;
				CLANG_WARN_EMPTY_BODY = YES;
				CLANG_WARN_ENUM_CONVERSION = YES;
				CLANG_WARN_INFINITE_RECURSION = YES;
				CLANG_WARN_INT_CONVERSION = YES;
				CLANG_WARN_NON_LITERAL_NULL_CONVERSION = YES;
				CLANG_WARN_OBJC_IMPLICIT_RETAIN_SELF = YES;
				CLANG_WARN_OBJC_LITERAL_CONVERSION = YES;
				CLANG_WARN_OBJC_ROOT_CLASS = YES_ERROR;
				CLANG_WARN_QUOTED_INCLUDE_IN_FRAMEWORK_HEADER = YES;
				CLANG_WARN_RANGE_LOOP_ANALYSIS = YES;
				CLANG_WARN_STRICT_PROTOTYPES = YES;
				CLANG_WARN_SUSPICIOUS_MOVE = YES;
				CLANG_WARN_UNGUARDED_AVAILABILITY = YES_AGGRESSIVE;
				CLANG_WARN_UNREACHABLE_CODE = YES;
				CLANG_WARN__DUPLICATE_METHOD_MATCH = YES;
				COPY_PHASE_STRIP = NO;
				DEBUG_INFORMATION_FORMAT = dwarf;
				ENABLE_STRICT_OBJC_MSGSEND = YES;
				ENABLE_TESTABILITY = YES;
				ENABLE_USER_SCRIPT_SANDBOXING = YES;
				GCC_C_LANGUAGE_STANDARD = gnu17;
				GCC_DYNAMIC_NO_PIC = NO;
				GCC_NO_COMMON_BLOCKS = YES;
				GCC_OPTIMIZATION_LEVEL = 0;
				GCC_PREPROCESSOR_DEFINITIONS = (
					"DEBUG=1",
					"$(inherited)",
				);
				GCC_WARN_64_TO_32_BIT_CONVERSION = YES;
				GCC_WARN_ABOUT_RETURN_TYPE = YES_ERROR;
				GCC_WARN_UNDECLARED_SELECTOR = YES;
				GCC_WARN_UNINITIALIZED_AUTOS = YES_AGGRESSIVE;
				GCC_WARN_UNUSED_FUNCTION = YES;
				GCC_WARN_UNUSED_VARIABLE = YES;
				IPHONEOS_DEPLOYMENT_TARGET = 17.5;
				LOCALIZATION_PREFERS_STRING_CATALOGS = YES;
				MTL_ENABLE_DEBUG_INFO = INCLUDE_SOURCE;
				MTL_FAST_MATH = YES;
				ONLY_ACTIVE_ARCH = YES;
				SDKROOT = iphoneos;
				SWIFT_ACTIVE_COMPILATION_CONDITIONS = "DEBUG $(inherited)";
				SWIFT_OPTIMIZATION_LEVEL = "-Onone";
			};
			name = Debug;
		};
		2C9B4CEA2C8FB7B80029DF61 /* Release */ = {
			isa = XCBuildConfiguration;
			baseConfigurationReference = 2CDCEE622CD6C4B0008DF5E8 /* Keys.xcconfig */;
			buildSettings = {
				ALWAYS_SEARCH_USER_PATHS = NO;
				ASSETCATALOG_COMPILER_GENERATE_SWIFT_ASSET_SYMBOL_EXTENSIONS = YES;
				CLANG_ANALYZER_NONNULL = YES;
				CLANG_ANALYZER_NUMBER_OBJECT_CONVERSION = YES_AGGRESSIVE;
				CLANG_CXX_LANGUAGE_STANDARD = "gnu++20";
				CLANG_ENABLE_MODULES = YES;
				CLANG_ENABLE_OBJC_ARC = YES;
				CLANG_ENABLE_OBJC_WEAK = YES;
				CLANG_WARN_BLOCK_CAPTURE_AUTORELEASING = YES;
				CLANG_WARN_BOOL_CONVERSION = YES;
				CLANG_WARN_COMMA = YES;
				CLANG_WARN_CONSTANT_CONVERSION = YES;
				CLANG_WARN_DEPRECATED_OBJC_IMPLEMENTATIONS = YES;
				CLANG_WARN_DIRECT_OBJC_ISA_USAGE = YES_ERROR;
				CLANG_WARN_DOCUMENTATION_COMMENTS = YES;
				CLANG_WARN_EMPTY_BODY = YES;
				CLANG_WARN_ENUM_CONVERSION = YES;
				CLANG_WARN_INFINITE_RECURSION = YES;
				CLANG_WARN_INT_CONVERSION = YES;
				CLANG_WARN_NON_LITERAL_NULL_CONVERSION = YES;
				CLANG_WARN_OBJC_IMPLICIT_RETAIN_SELF = YES;
				CLANG_WARN_OBJC_LITERAL_CONVERSION = YES;
				CLANG_WARN_OBJC_ROOT_CLASS = YES_ERROR;
				CLANG_WARN_QUOTED_INCLUDE_IN_FRAMEWORK_HEADER = YES;
				CLANG_WARN_RANGE_LOOP_ANALYSIS = YES;
				CLANG_WARN_STRICT_PROTOTYPES = YES;
				CLANG_WARN_SUSPICIOUS_MOVE = YES;
				CLANG_WARN_UNGUARDED_AVAILABILITY = YES_AGGRESSIVE;
				CLANG_WARN_UNREACHABLE_CODE = YES;
				CLANG_WARN__DUPLICATE_METHOD_MATCH = YES;
				COPY_PHASE_STRIP = NO;
				DEBUG_INFORMATION_FORMAT = "dwarf-with-dsym";
				ENABLE_NS_ASSERTIONS = NO;
				ENABLE_STRICT_OBJC_MSGSEND = YES;
				ENABLE_USER_SCRIPT_SANDBOXING = YES;
				GCC_C_LANGUAGE_STANDARD = gnu17;
				GCC_NO_COMMON_BLOCKS = YES;
				GCC_WARN_64_TO_32_BIT_CONVERSION = YES;
				GCC_WARN_ABOUT_RETURN_TYPE = YES_ERROR;
				GCC_WARN_UNDECLARED_SELECTOR = YES;
				GCC_WARN_UNINITIALIZED_AUTOS = YES_AGGRESSIVE;
				GCC_WARN_UNUSED_FUNCTION = YES;
				GCC_WARN_UNUSED_VARIABLE = YES;
				IPHONEOS_DEPLOYMENT_TARGET = 17.5;
				LOCALIZATION_PREFERS_STRING_CATALOGS = YES;
				MTL_ENABLE_DEBUG_INFO = NO;
				MTL_FAST_MATH = YES;
				SDKROOT = iphoneos;
				SWIFT_COMPILATION_MODE = wholemodule;
				VALIDATE_PRODUCT = YES;
			};
			name = Release;
		};
		2C9B4CEC2C8FB7B80029DF61 /* Debug */ = {
			isa = XCBuildConfiguration;
			baseConfigurationReference = 2CDCEE622CD6C4B0008DF5E8 /* Keys.xcconfig */;
			buildSettings = {
				ASSETCATALOG_COMPILER_APPICON_NAME = AppIcon;
				ASSETCATALOG_COMPILER_GLOBAL_ACCENT_COLOR_NAME = AccentColor;
				CODE_SIGN_STYLE = Automatic;
				CURRENT_PROJECT_VERSION = 1;
				DEVELOPMENT_ASSET_PATHS = "\"Resell/Preview Content\"";
				DEVELOPMENT_TEAM = ZGMCXU7X3U;
				ENABLE_PREVIEWS = YES;
				GENERATE_INFOPLIST_FILE = YES;
				INFOPLIST_FILE = Resell/Info.plist;
				INFOPLIST_KEY_UIApplicationSceneManifest_Generation = YES;
				INFOPLIST_KEY_UIApplicationSupportsIndirectInputEvents = YES;
				INFOPLIST_KEY_UILaunchScreen_Generation = YES;
				INFOPLIST_KEY_UISupportedInterfaceOrientations_iPad = "UIInterfaceOrientationPortrait UIInterfaceOrientationPortraitUpsideDown UIInterfaceOrientationLandscapeLeft UIInterfaceOrientationLandscapeRight";
				INFOPLIST_KEY_UISupportedInterfaceOrientations_iPhone = "UIInterfaceOrientationPortrait UIInterfaceOrientationLandscapeLeft UIInterfaceOrientationLandscapeRight";
				IPHONEOS_DEPLOYMENT_TARGET = 16.4;
				LD_RUNPATH_SEARCH_PATHS = (
					"$(inherited)",
					"@executable_path/Frameworks",
				);
				MARKETING_VERSION = 1.0;
				PRODUCT_BUNDLE_IDENTIFIER = com.cornellappdev.Resell;
				PRODUCT_NAME = "$(TARGET_NAME)";
				SWIFT_EMIT_LOC_STRINGS = YES;
				SWIFT_VERSION = 5.0;
				TARGETED_DEVICE_FAMILY = "1,2";
			};
			name = Debug;
		};
		2C9B4CED2C8FB7B80029DF61 /* Release */ = {
			isa = XCBuildConfiguration;
			baseConfigurationReference = 2CDCEE622CD6C4B0008DF5E8 /* Keys.xcconfig */;
			buildSettings = {
				ASSETCATALOG_COMPILER_APPICON_NAME = AppIcon;
				ASSETCATALOG_COMPILER_GLOBAL_ACCENT_COLOR_NAME = AccentColor;
				CODE_SIGN_STYLE = Automatic;
				CURRENT_PROJECT_VERSION = 1;
				DEVELOPMENT_ASSET_PATHS = "\"Resell/Preview Content\"";
				DEVELOPMENT_TEAM = ZGMCXU7X3U;
				ENABLE_PREVIEWS = YES;
				GENERATE_INFOPLIST_FILE = YES;
				INFOPLIST_FILE = Resell/Info.plist;
				INFOPLIST_KEY_UIApplicationSceneManifest_Generation = YES;
				INFOPLIST_KEY_UIApplicationSupportsIndirectInputEvents = YES;
				INFOPLIST_KEY_UILaunchScreen_Generation = YES;
				INFOPLIST_KEY_UISupportedInterfaceOrientations_iPad = "UIInterfaceOrientationPortrait UIInterfaceOrientationPortraitUpsideDown UIInterfaceOrientationLandscapeLeft UIInterfaceOrientationLandscapeRight";
				INFOPLIST_KEY_UISupportedInterfaceOrientations_iPhone = "UIInterfaceOrientationPortrait UIInterfaceOrientationLandscapeLeft UIInterfaceOrientationLandscapeRight";
				IPHONEOS_DEPLOYMENT_TARGET = 16.4;
				LD_RUNPATH_SEARCH_PATHS = (
					"$(inherited)",
					"@executable_path/Frameworks",
				);
				MARKETING_VERSION = 1.0;
				PRODUCT_BUNDLE_IDENTIFIER = com.cornellappdev.Resell;
				PRODUCT_NAME = "$(TARGET_NAME)";
				SWIFT_EMIT_LOC_STRINGS = YES;
				SWIFT_VERSION = 5.0;
				TARGETED_DEVICE_FAMILY = "1,2";
			};
			name = Release;
		};
		2C9B4CEF2C8FB7B80029DF61 /* Debug */ = {
			isa = XCBuildConfiguration;
			buildSettings = {
				ALWAYS_EMBED_SWIFT_STANDARD_LIBRARIES = YES;
				BUNDLE_LOADER = "$(TEST_HOST)";
				CODE_SIGN_STYLE = Automatic;
				CURRENT_PROJECT_VERSION = 1;
				DEVELOPMENT_TEAM = ZGMCXU7X3U;
				GENERATE_INFOPLIST_FILE = YES;
				IPHONEOS_DEPLOYMENT_TARGET = 17.5;
				MARKETING_VERSION = 1.0;
				PRODUCT_BUNDLE_IDENTIFIER = com.cornellappdev.ResellTests;
				PRODUCT_NAME = "$(TARGET_NAME)";
				SWIFT_EMIT_LOC_STRINGS = NO;
				SWIFT_VERSION = 5.0;
				TARGETED_DEVICE_FAMILY = "1,2";
				TEST_HOST = "$(BUILT_PRODUCTS_DIR)/Resell.app/$(BUNDLE_EXECUTABLE_FOLDER_PATH)/Resell";
			};
			name = Debug;
		};
		2C9B4CF02C8FB7B80029DF61 /* Release */ = {
			isa = XCBuildConfiguration;
			buildSettings = {
				ALWAYS_EMBED_SWIFT_STANDARD_LIBRARIES = YES;
				BUNDLE_LOADER = "$(TEST_HOST)";
				CODE_SIGN_STYLE = Automatic;
				CURRENT_PROJECT_VERSION = 1;
				DEVELOPMENT_TEAM = ZGMCXU7X3U;
				GENERATE_INFOPLIST_FILE = YES;
				IPHONEOS_DEPLOYMENT_TARGET = 17.5;
				MARKETING_VERSION = 1.0;
				PRODUCT_BUNDLE_IDENTIFIER = com.cornellappdev.ResellTests;
				PRODUCT_NAME = "$(TARGET_NAME)";
				SWIFT_EMIT_LOC_STRINGS = NO;
				SWIFT_VERSION = 5.0;
				TARGETED_DEVICE_FAMILY = "1,2";
				TEST_HOST = "$(BUILT_PRODUCTS_DIR)/Resell.app/$(BUNDLE_EXECUTABLE_FOLDER_PATH)/Resell";
			};
			name = Release;
		};
		2C9B4CF22C8FB7B80029DF61 /* Debug */ = {
			isa = XCBuildConfiguration;
			buildSettings = {
				ALWAYS_EMBED_SWIFT_STANDARD_LIBRARIES = YES;
				CODE_SIGN_STYLE = Automatic;
				CURRENT_PROJECT_VERSION = 1;
				DEVELOPMENT_TEAM = ZGMCXU7X3U;
				GENERATE_INFOPLIST_FILE = YES;
				MARKETING_VERSION = 1.0;
				PRODUCT_BUNDLE_IDENTIFIER = com.cornellappdev.ResellUITests;
				PRODUCT_NAME = "$(TARGET_NAME)";
				SWIFT_EMIT_LOC_STRINGS = NO;
				SWIFT_VERSION = 5.0;
				TARGETED_DEVICE_FAMILY = "1,2";
				TEST_TARGET_NAME = Resell;
			};
			name = Debug;
		};
		2C9B4CF32C8FB7B80029DF61 /* Release */ = {
			isa = XCBuildConfiguration;
			buildSettings = {
				ALWAYS_EMBED_SWIFT_STANDARD_LIBRARIES = YES;
				CODE_SIGN_STYLE = Automatic;
				CURRENT_PROJECT_VERSION = 1;
				DEVELOPMENT_TEAM = ZGMCXU7X3U;
				GENERATE_INFOPLIST_FILE = YES;
				MARKETING_VERSION = 1.0;
				PRODUCT_BUNDLE_IDENTIFIER = com.cornellappdev.ResellUITests;
				PRODUCT_NAME = "$(TARGET_NAME)";
				SWIFT_EMIT_LOC_STRINGS = NO;
				SWIFT_VERSION = 5.0;
				TARGETED_DEVICE_FAMILY = "1,2";
				TEST_TARGET_NAME = Resell;
			};
			name = Release;
		};
/* End XCBuildConfiguration section */

/* Begin XCConfigurationList section */
		2C9B4CC22C8FB7B70029DF61 /* Build configuration list for PBXProject "Resell" */ = {
			isa = XCConfigurationList;
			buildConfigurations = (
				2C9B4CE92C8FB7B80029DF61 /* Debug */,
				2C9B4CEA2C8FB7B80029DF61 /* Release */,
			);
			defaultConfigurationIsVisible = 0;
			defaultConfigurationName = Release;
		};
		2C9B4CEB2C8FB7B80029DF61 /* Build configuration list for PBXNativeTarget "Resell" */ = {
			isa = XCConfigurationList;
			buildConfigurations = (
				2C9B4CEC2C8FB7B80029DF61 /* Debug */,
				2C9B4CED2C8FB7B80029DF61 /* Release */,
			);
			defaultConfigurationIsVisible = 0;
			defaultConfigurationName = Release;
		};
		2C9B4CEE2C8FB7B80029DF61 /* Build configuration list for PBXNativeTarget "ResellTests" */ = {
			isa = XCConfigurationList;
			buildConfigurations = (
				2C9B4CEF2C8FB7B80029DF61 /* Debug */,
				2C9B4CF02C8FB7B80029DF61 /* Release */,
			);
			defaultConfigurationIsVisible = 0;
			defaultConfigurationName = Release;
		};
		2C9B4CF12C8FB7B80029DF61 /* Build configuration list for PBXNativeTarget "ResellUITests" */ = {
			isa = XCConfigurationList;
			buildConfigurations = (
				2C9B4CF22C8FB7B80029DF61 /* Debug */,
				2C9B4CF32C8FB7B80029DF61 /* Release */,
			);
			defaultConfigurationIsVisible = 0;
			defaultConfigurationName = Release;
		};
/* End XCConfigurationList section */

/* Begin XCRemoteSwiftPackageReference section */
		2C41BB862CD90D7300EFF69E /* XCRemoteSwiftPackageReference "Kingfisher" */ = {
			isa = XCRemoteSwiftPackageReference;
			repositoryURL = "https://github.com/onevcat/Kingfisher.git";
			requirement = {
				kind = upToNextMajorVersion;
				minimumVersion = 8.1.0;
			};
		};
		2C9B4D112C90FD440029DF61 /* XCRemoteSwiftPackageReference "GoogleSignIn-iOS" */ = {
			isa = XCRemoteSwiftPackageReference;
			repositoryURL = "https://github.com/google/GoogleSignIn-iOS.git";
			requirement = {
				kind = upToNextMajorVersion;
				minimumVersion = 8.0.0;
			};
		};
		2CDDF3112CCD9B530061A564 /* XCRemoteSwiftPackageReference "firebase-ios-sdk" */ = {
			isa = XCRemoteSwiftPackageReference;
			repositoryURL = "https://github.com/firebase/firebase-ios-sdk";
			requirement = {
				kind = upToNextMajorVersion;
				minimumVersion = 11.4.0;
			};
		};
/* End XCRemoteSwiftPackageReference section */

/* Begin XCSwiftPackageProductDependency section */
		2C30246E2C90FFB40057D3D9 /* GoogleSignIn */ = {
			isa = XCSwiftPackageProductDependency;
			package = 2C9B4D112C90FD440029DF61 /* XCRemoteSwiftPackageReference "GoogleSignIn-iOS" */;
			productName = GoogleSignIn;
		};
		2C3024702C90FFB40057D3D9 /* GoogleSignInSwift */ = {
			isa = XCSwiftPackageProductDependency;
			package = 2C9B4D112C90FD440029DF61 /* XCRemoteSwiftPackageReference "GoogleSignIn-iOS" */;
			productName = GoogleSignInSwift;
		};
		2C3859E02CCD9FDE00DA20EA /* FirebaseCore */ = {
			isa = XCSwiftPackageProductDependency;
			package = 2CDDF3112CCD9B530061A564 /* XCRemoteSwiftPackageReference "firebase-ios-sdk" */;
			productName = FirebaseCore;
		};
		2C3859E22CCD9FEA00DA20EA /* FirebaseFirestore */ = {
			isa = XCSwiftPackageProductDependency;
			package = 2CDDF3112CCD9B530061A564 /* XCRemoteSwiftPackageReference "firebase-ios-sdk" */;
			productName = FirebaseFirestore;
		};
		2C41BB892CD90EA100EFF69E /* Kingfisher */ = {
			isa = XCSwiftPackageProductDependency;
			package = 2C41BB862CD90D7300EFF69E /* XCRemoteSwiftPackageReference "Kingfisher" */;
			productName = Kingfisher;
		};
/* End XCSwiftPackageProductDependency section */
	};
	rootObject = 2C9B4CBF2C8FB7B70029DF61 /* Project object */;
}
